
Microsoft Visual Studio Solution File, Format Version 12.00
# Visual Studio Version 16
VisualStudioVersion = 16.0.809.5
MinimumVisualStudioVersion = 10.0.40219.1
Project("{FAE04EC0-301F-11D3-BF4B-00C04F79EFBC}") = "CognizantChallenge", "CognizantChallenge\CognizantChallenge.csproj", "{05A8F898-226D-4B79-9152-D1A4424B7EE1}"
EndProject
Global
	GlobalSection(SolutionConfigurationPlatforms) = preSolution
		Debug|Any CPU = Debug|Any CPU
		Release|Any CPU = Release|Any CPU
	EndGlobalSection
	GlobalSection(ProjectConfigurationPlatforms) = postSolution
		{05A8F898-226D-4B79-9152-D1A4424B7EE1}.Debug|Any CPU.ActiveCfg = Debug|Any CPU
		{05A8F898-226D-4B79-9152-D1A4424B7EE1}.Debug|Any CPU.Build.0 = Debug|Any CPU
		{05A8F898-226D-4B79-9152-D1A4424B7EE1}.Release|Any CPU.ActiveCfg = Release|Any CPU
		{05A8F898-226D-4B79-9152-D1A4424B7EE1}.Release|Any CPU.Build.0 = Release|Any CPU
	EndGlobalSection
	GlobalSection(SolutionProperties) = preSolution
		HideSolutionNode = FALSE
	EndGlobalSection
	GlobalSection(ExtensibilityGlobals) = postSolution
		SolutionGuid = {04909C77-4C21-4747-9D5A-B5DB3DA73252}
	EndGlobalSection
EndGlobal
